
Microsoft Visual Studio Solution File, Format Version 12.00
# Visual Studio Version 16
VisualStudioVersion = 16.0.29613.14
MinimumVisualStudioVersion = 10.0.40219.1
Project("{8BC9CEB8-8B4A-11D0-8D11-00A0C91BC942}") = "3MCL", "3MCL\3MCL.vcxproj", "{F95BAE42-26EE-469B-BD1F-22CF9ECC55EB}"
EndProject
Project("{8BC9CEB8-8B4A-11D0-8D11-00A0C91BC942}") = "minecraft_common", "minecraft_common\minecraft_common.vcxproj", "{12AC9E77-A0C2-4731-B304-47B9D38864A3}"
EndProject
Project("{8BC9CEB8-8B4A-11D0-8D11-00A0C91BC942}") = "cryptlib", "third_party\cryptopp563\cryptlib.vcxproj", "{3423EC9A-52E4-4A4D-9753-EDEBC38785EF}"
EndProject
Project("{8BC9CEB8-8B4A-11D0-8D11-00A0C91BC942}") = "base", "base\base.vcxproj", "{76C61353-83D2-4112-B520-E65212A13D8A}"
EndProject
Project("{2150E333-8FDC-42A3-9474-1A3956D46DE8}") = "third_party", "third_party", "{4FEBDDF6-9104-46AE-9D33-D81B85211D94}"
EndProject
Project("{8BC9CEB8-8B4A-11D0-8D11-00A0C91BC942}") = "curlcpp", "third_party\curlcpp\curlcpp.vcxproj", "{666952B8-5188-454D-9B2A-8FA0B7348702}"
EndProject
Project("{8BC9CEB8-8B4A-11D0-8D11-00A0C91BC942}") = "DuiLib_Static", "third_party\DuiLib\DuiLib_Static.vcxproj", "{E106ACD7-4E53-4AEE-942B-D0DD426DB34E}"
EndProject
Project("{8BC9CEB8-8B4A-11D0-8D11-00A0C91BC942}") = "libglog_static", "third_party\glog\libglog.vcxproj", "{772C2111-BBBF-49E6-B912-198A7F7A88E5}"
EndProject
Project("{8BC9CEB8-8B4A-11D0-8D11-00A0C91BC942}") = "libcurl", "third_party\libcurl\libcurl.vcxproj", "{DA6F56B4-06A4-441D-AD70-AC5A7D51FADB}"
EndProject
Project("{8BC9CEB8-8B4A-11D0-8D11-00A0C91BC942}") = "rapidjson", "third_party\rapidjson\rapidjson.vcxproj", "{3FF94516-B9B0-4362-94AC-DE1A674BC77E}"
EndProject
Project("{8BC9CEB8-8B4A-11D0-8D11-00A0C91BC942}") = "sqlite3", "third_party\sqlite3\sqlite3.vcxproj", "{3927F92F-1188-4597-A0B8-AA9D43F65B6E}"
EndProject
Project("{8BC9CEB8-8B4A-11D0-8D11-00A0C91BC942}") = "zlib", "third_party\zlib\zlib.vcxproj", "{15D857B6-3B2C-4835-9B5C-80C6C4AEA3AD}"
EndProject
Project("{8BC9CEB8-8B4A-11D0-8D11-00A0C91BC942}") = "DataReport", "DataReport\DataReport.vcxproj", "{4D784AAC-CCC2-4F73-8777-D71FCBB1F8EC}"
EndProject
Global
	GlobalSection(SolutionConfigurationPlatforms) = preSolution
		Debug|x64 = Debug|x64
		Debug|x86 = Debug|x86
		Release|x64 = Release|x64
		Release|x86 = Release|x86
	EndGlobalSection
	GlobalSection(ProjectConfigurationPlatforms) = postSolution
		{F95BAE42-26EE-469B-BD1F-22CF9ECC55EB}.Debug|x64.ActiveCfg = Debug|x64
		{F95BAE42-26EE-469B-BD1F-22CF9ECC55EB}.Debug|x64.Build.0 = Debug|x64
		{F95BAE42-26EE-469B-BD1F-22CF9ECC55EB}.Debug|x86.ActiveCfg = Debug|Win32
		{F95BAE42-26EE-469B-BD1F-22CF9ECC55EB}.Debug|x86.Build.0 = Debug|Win32
		{F95BAE42-26EE-469B-BD1F-22CF9ECC55EB}.Release|x64.ActiveCfg = Release|x64
		{F95BAE42-26EE-469B-BD1F-22CF9ECC55EB}.Release|x64.Build.0 = Release|x64
		{F95BAE42-26EE-469B-BD1F-22CF9ECC55EB}.Release|x86.ActiveCfg = Release|Win32
		{F95BAE42-26EE-469B-BD1F-22CF9ECC55EB}.Release|x86.Build.0 = Release|Win32
		{12AC9E77-A0C2-4731-B304-47B9D38864A3}.Debug|x64.ActiveCfg = Debug|x64
		{12AC9E77-A0C2-4731-B304-47B9D38864A3}.Debug|x64.Build.0 = Debug|x64
		{12AC9E77-A0C2-4731-B304-47B9D38864A3}.Debug|x86.ActiveCfg = Debug|Win32
		{12AC9E77-A0C2-4731-B304-47B9D38864A3}.Debug|x86.Build.0 = Debug|Win32
		{12AC9E77-A0C2-4731-B304-47B9D38864A3}.Release|x64.ActiveCfg = Release|x64
		{12AC9E77-A0C2-4731-B304-47B9D38864A3}.Release|x64.Build.0 = Release|x64
		{12AC9E77-A0C2-4731-B304-47B9D38864A3}.Release|x86.ActiveCfg = Release|Win32
		{12AC9E77-A0C2-4731-B304-47B9D38864A3}.Release|x86.Build.0 = Release|Win32
		{3423EC9A-52E4-4A4D-9753-EDEBC38785EF}.Debug|x64.ActiveCfg = Debug|x64
		{3423EC9A-52E4-4A4D-9753-EDEBC38785EF}.Debug|x64.Build.0 = Debug|x64
		{3423EC9A-52E4-4A4D-9753-EDEBC38785EF}.Debug|x86.ActiveCfg = Debug|Win32
		{3423EC9A-52E4-4A4D-9753-EDEBC38785EF}.Debug|x86.Build.0 = Debug|Win32
		{3423EC9A-52E4-4A4D-9753-EDEBC38785EF}.Release|x64.ActiveCfg = Release|x64
		{3423EC9A-52E4-4A4D-9753-EDEBC38785EF}.Release|x64.Build.0 = Release|x64
		{3423EC9A-52E4-4A4D-9753-EDEBC38785EF}.Release|x86.ActiveCfg = Release|Win32
		{3423EC9A-52E4-4A4D-9753-EDEBC38785EF}.Release|x86.Build.0 = Release|Win32
		{76C61353-83D2-4112-B520-E65212A13D8A}.Debug|x64.ActiveCfg = Debug|x64
		{76C61353-83D2-4112-B520-E65212A13D8A}.Debug|x64.Build.0 = Debug|x64
		{76C61353-83D2-4112-B520-E65212A13D8A}.Debug|x86.ActiveCfg = Debug|Win32
		{76C61353-83D2-4112-B520-E65212A13D8A}.Debug|x86.Build.0 = Debug|Win32
		{76C61353-83D2-4112-B520-E65212A13D8A}.Release|x64.ActiveCfg = Release|x64
		{76C61353-83D2-4112-B520-E65212A13D8A}.Release|x64.Build.0 = Release|x64
		{76C61353-83D2-4112-B520-E65212A13D8A}.Release|x86.ActiveCfg = Release|Win32
		{76C61353-83D2-4112-B520-E65212A13D8A}.Release|x86.Build.0 = Release|Win32
		{666952B8-5188-454D-9B2A-8FA0B7348702}.Debug|x64.ActiveCfg = Debug|x64
		{666952B8-5188-454D-9B2A-8FA0B7348702}.Debug|x64.Build.0 = Debug|x64
		{666952B8-5188-454D-9B2A-8FA0B7348702}.Debug|x86.ActiveCfg = Debug|Win32
		{666952B8-5188-454D-9B2A-8FA0B7348702}.Debug|x86.Build.0 = Debug|Win32
		{666952B8-5188-454D-9B2A-8FA0B7348702}.Release|x64.ActiveCfg = Release|x64
		{666952B8-5188-454D-9B2A-8FA0B7348702}.Release|x64.Build.0 = Release|x64
		{666952B8-5188-454D-9B2A-8FA0B7348702}.Release|x86.ActiveCfg = Release|Win32
		{666952B8-5188-454D-9B2A-8FA0B7348702}.Release|x86.Build.0 = Release|Win32
		{E106ACD7-4E53-4AEE-942B-D0DD426DB34E}.Debug|x64.ActiveCfg = Debug|x64
		{E106ACD7-4E53-4AEE-942B-D0DD426DB34E}.Debug|x64.Build.0 = Debug|x64
		{E106ACD7-4E53-4AEE-942B-D0DD426DB34E}.Debug|x86.ActiveCfg = Debug|Win32
		{E106ACD7-4E53-4AEE-942B-D0DD426DB34E}.Debug|x86.Build.0 = Debug|Win32
		{E106ACD7-4E53-4AEE-942B-D0DD426DB34E}.Release|x64.ActiveCfg = Release|x64
		{E106ACD7-4E53-4AEE-942B-D0DD426DB34E}.Release|x64.Build.0 = Release|x64
		{E106ACD7-4E53-4AEE-942B-D0DD426DB34E}.Release|x86.ActiveCfg = Release|Win32
		{E106ACD7-4E53-4AEE-942B-D0DD426DB34E}.Release|x86.Build.0 = Release|Win32
		{772C2111-BBBF-49E6-B912-198A7F7A88E5}.Debug|x64.ActiveCfg = Debug|x64
		{772C2111-BBBF-49E6-B912-198A7F7A88E5}.Debug|x64.Build.0 = Debug|x64
		{772C2111-BBBF-49E6-B912-198A7F7A88E5}.Debug|x86.ActiveCfg = Debug|Win32
		{772C2111-BBBF-49E6-B912-198A7F7A88E5}.Debug|x86.Build.0 = Debug|Win32
		{772C2111-BBBF-49E6-B912-198A7F7A88E5}.Release|x64.ActiveCfg = Release|x64
		{772C2111-BBBF-49E6-B912-198A7F7A88E5}.Release|x64.Build.0 = Release|x64
		{772C2111-BBBF-49E6-B912-198A7F7A88E5}.Release|x86.ActiveCfg = Release|Win32
		{772C2111-BBBF-49E6-B912-198A7F7A88E5}.Release|x86.Build.0 = Release|Win32
		{DA6F56B4-06A4-441D-AD70-AC5A7D51FADB}.Debug|x64.ActiveCfg = LIB Debug - DLL Windows SSPI|x64
		{DA6F56B4-06A4-441D-AD70-AC5A7D51FADB}.Debug|x64.Build.0 = LIB Debug - DLL Windows SSPI|x64
		{DA6F56B4-06A4-441D-AD70-AC5A7D51FADB}.Debug|x86.ActiveCfg = LIB Debug - DLL Windows SSPI|Win32
		{DA6F56B4-06A4-441D-AD70-AC5A7D51FADB}.Debug|x86.Build.0 = LIB Debug - DLL Windows SSPI|Win32
		{DA6F56B4-06A4-441D-AD70-AC5A7D51FADB}.Release|x64.ActiveCfg = LIB Release - DLL Windows SSPI|x64
		{DA6F56B4-06A4-441D-AD70-AC5A7D51FADB}.Release|x64.Build.0 = LIB Release - DLL Windows SSPI|x64
		{DA6F56B4-06A4-441D-AD70-AC5A7D51FADB}.Release|x86.ActiveCfg = LIB Release - DLL Windows SSPI|Win32
		{DA6F56B4-06A4-441D-AD70-AC5A7D51FADB}.Release|x86.Build.0 = LIB Release - DLL Windows SSPI|Win32
		{3FF94516-B9B0-4362-94AC-DE1A674BC77E}.Debug|x64.ActiveCfg = Debug|x64
		{3FF94516-B9B0-4362-94AC-DE1A674BC77E}.Debug|x64.Build.0 = Debug|x64
		{3FF94516-B9B0-4362-94AC-DE1A674BC77E}.Debug|x86.ActiveCfg = Debug|Win32
		{3FF94516-B9B0-4362-94AC-DE1A674BC77E}.Debug|x86.Build.0 = Debug|Win32
		{3FF94516-B9B0-4362-94AC-DE1A674BC77E}.Release|x64.ActiveCfg = Release|x64
		{3FF94516-B9B0-4362-94AC-DE1A674BC77E}.Release|x64.Build.0 = Release|x64
		{3FF94516-B9B0-4362-94AC-DE1A674BC77E}.Release|x86.ActiveCfg = Release|Win32
		{3FF94516-B9B0-4362-94AC-DE1A674BC77E}.Release|x86.Build.0 = Release|Win32
		{3927F92F-1188-4597-A0B8-AA9D43F65B6E}.Debug|x64.ActiveCfg = Debug|x64
		{3927F92F-1188-4597-A0B8-AA9D43F65B6E}.Debug|x64.Build.0 = Debug|x64
		{3927F92F-1188-4597-A0B8-AA9D43F65B6E}.Debug|x86.ActiveCfg = Debug|Win32
		{3927F92F-1188-4597-A0B8-AA9D43F65B6E}.Debug|x86.Build.0 = Debug|Win32
		{3927F92F-1188-4597-A0B8-AA9D43F65B6E}.Release|x64.ActiveCfg = Release|x64
		{3927F92F-1188-4597-A0B8-AA9D43F65B6E}.Release|x64.Build.0 = Release|x64
		{3927F92F-1188-4597-A0B8-AA9D43F65B6E}.Release|x86.ActiveCfg = Release|Win32
		{3927F92F-1188-4597-A0B8-AA9D43F65B6E}.Release|x86.Build.0 = Release|Win32
		{15D857B6-3B2C-4835-9B5C-80C6C4AEA3AD}.Debug|x64.ActiveCfg = Debug|x64
		{15D857B6-3B2C-4835-9B5C-80C6C4AEA3AD}.Debug|x64.Build.0 = Debug|x64
		{15D857B6-3B2C-4835-9B5C-80C6C4AEA3AD}.Debug|x86.ActiveCfg = Debug|Win32
		{15D857B6-3B2C-4835-9B5C-80C6C4AEA3AD}.Debug|x86.Build.0 = Debug|Win32
		{15D857B6-3B2C-4835-9B5C-80C6C4AEA3AD}.Release|x64.ActiveCfg = Release|x64
		{15D857B6-3B2C-4835-9B5C-80C6C4AEA3AD}.Release|x64.Build.0 = Release|x64
		{15D857B6-3B2C-4835-9B5C-80C6C4AEA3AD}.Release|x86.ActiveCfg = Release|Win32
		{15D857B6-3B2C-4835-9B5C-80C6C4AEA3AD}.Release|x86.Build.0 = Release|Win32
		{4D784AAC-CCC2-4F73-8777-D71FCBB1F8EC}.Debug|x64.ActiveCfg = Debug|x64
		{4D784AAC-CCC2-4F73-8777-D71FCBB1F8EC}.Debug|x64.Build.0 = Debug|x64
		{4D784AAC-CCC2-4F73-8777-D71FCBB1F8EC}.Debug|x86.ActiveCfg = Debug|Win32
		{4D784AAC-CCC2-4F73-8777-D71FCBB1F8EC}.Debug|x86.Build.0 = Debug|Win32
		{4D784AAC-CCC2-4F73-8777-D71FCBB1F8EC}.Release|x64.ActiveCfg = Release|x64
		{4D784AAC-CCC2-4F73-8777-D71FCBB1F8EC}.Release|x64.Build.0 = Release|x64
		{4D784AAC-CCC2-4F73-8777-D71FCBB1F8EC}.Release|x86.ActiveCfg = Release|Win32
		{4D784AAC-CCC2-4F73-8777-D71FCBB1F8EC}.Release|x86.Build.0 = Release|Win32
	EndGlobalSection
	GlobalSection(SolutionProperties) = preSolution
		HideSolutionNode = FALSE
	EndGlobalSection
	GlobalSection(NestedProjects) = preSolution
		{3423EC9A-52E4-4A4D-9753-EDEBC38785EF} = {4FEBDDF6-9104-46AE-9D33-D81B85211D94}
		{666952B8-5188-454D-9B2A-8FA0B7348702} = {4FEBDDF6-9104-46AE-9D33-D81B85211D94}
		{E106ACD7-4E53-4AEE-942B-D0DD426DB34E} = {4FEBDDF6-9104-46AE-9D33-D81B85211D94}
		{772C2111-BBBF-49E6-B912-198A7F7A88E5} = {4FEBDDF6-9104-46AE-9D33-D81B85211D94}
		{DA6F56B4-06A4-441D-AD70-AC5A7D51FADB} = {4FEBDDF6-9104-46AE-9D33-D81B85211D94}
		{3FF94516-B9B0-4362-94AC-DE1A674BC77E} = {4FEBDDF6-9104-46AE-9D33-D81B85211D94}
		{3927F92F-1188-4597-A0B8-AA9D43F65B6E} = {4FEBDDF6-9104-46AE-9D33-D81B85211D94}
		{15D857B6-3B2C-4835-9B5C-80C6C4AEA3AD} = {4FEBDDF6-9104-46AE-9D33-D81B85211D94}
	EndGlobalSection
	GlobalSection(ExtensibilityGlobals) = postSolution
		SolutionGuid = {1CFE66E2-1886-471F-82C3-611751ACC1F7}
	EndGlobalSection
EndGlobal
